Microsoft Visual Studio Solution File, Format Version 11.00
# Visual Studio 2008

Project("{1EAA0920-487B-C4CD-17E6-8BCC73692FAA}") = "Crunchys Quest", "Assembly-CSharp.csproj", "{C1B133F0-FA00-98C8-B4C2-AB42872E86F9}"
EndProject
Global
	GlobalSection(SolutionConfigurationPlatforms) = preSolution
		Debug|Any CPU = Debug|Any CPU
		Release|Any CPU = Release|Any CPU
	EndGlobalSection
	GlobalSection(ProjectConfigurationPlatforms) = postSolution
		{C1B133F0-FA00-98C8-B4C2-AB42872E86F9}.Debug|Any CPU.ActiveCfg = Debug|Any CPU
		{C1B133F0-FA00-98C8-B4C2-AB42872E86F9}.Debug|Any CPU.Build.0 = Debug|Any CPU
		{C1B133F0-FA00-98C8-B4C2-AB42872E86F9}.Release|Any CPU.ActiveCfg = Release|Any CPU
		{C1B133F0-FA00-98C8-B4C2-AB42872E86F9}.Release|Any CPU.Build.0 = Release|Any CPU
	EndGlobalSection
	GlobalSection(SolutionProperties) = preSolution
		HideSolutionNode = FALSE
	EndGlobalSection
	GlobalSection(MonoDevelopProperties) = preSolution
		StartupItem = Assembly-CSharp.csproj
	EndGlobalSection
EndGlobal
